{
  "nodes": {
    "nixpkgs-stable": {
      "locked": {
        "lastModified": 1663587673,
        "narHash": "sha256-4C4R/PV8+HjkgVd1Db8AuvHwhQp5vllVqOQEl6YDh3o=",
        "owner": "NixOS",
        "repo": "nixpkgs",
        "rev": "20dc478985d6545df53f0153f4af125eb014083d",
        "type": "github"
      },
      "original": {
        "owner": "NixOS",
        "repo": "nixpkgs",
        "rev": "20dc478985d6545df53f0153f4af125eb014083d",
        "type": "github"
      }
    },
    "nixpkgs-unstable": {
      "locked": {
        "lastModified": 1663669617,
        "narHash": "sha256-yUrzkRDc6P3hsI5TdQ5+q8gnyjadNvaM3MMEsEVS8qk=",
        "owner": "NixOS",
        "repo": "nixpkgs",
        "rev": "41ac0bd371618db6dd67fd952cc5b3d6a9955a15",
        "type": "github"
      },
      "original": {
        "owner": "NixOS",
        "repo": "nixpkgs",
        "rev": "41ac0bd371618db6dd67fd952cc5b3d6a9955a15",
        "type": "github"
      }
    },
    "root": {
      "inputs": {
        "nixpkgs-stable": "nixpkgs-stable",
        "nixpkgs-unstable": "nixpkgs-unstable",
        "utils": "utils"
      }
    },
    "utils": {
      "locked": {
        "lastModified": 1649676176,
        "narHash": "sha256-OWKJratjt2RW151VUlJPRALb7OU2S5s+f0vLj4o1bHM=",
        "owner": "numtide",
        "repo": "flake-utils",
        "rev": "a4b154ebbdc88c8498a5c7b01589addc9e9cb678",
        "type": "github"
      },
      "original": {
        "owner": "numtide",
        "repo": "flake-utils",
        "type": "github"
      }
    }
  },
  "root": "root",
  "version": 7
}
