{
  "nodes": {
    "nixpkgs-unstable": {
      "locked": {
        "lastModified": 1650615268,
        "narHash": "sha256-me/SHGhP3uLHJr28tOhtgCOjLfjM0o3sYeEWE8i+OXY=",
        "owner": "NixOS",
        "repo": "nixpkgs",
        "rev": "ca087b7e4f67fd9d08313d241ba398201a604e9c",
        "type": "github"
      },
      "original": {
        "owner": "NixOS",
        "repo": "nixpkgs",
        "rev": "ca087b7e4f67fd9d08313d241ba398201a604e9c",
        "type": "github"
      }
    },
    "root": {
      "inputs": {
        "nixpkgs-unstable": "nixpkgs-unstable",
        "utils": "utils"
      }
    },
    "utils": {
      "locked": {
        "lastModified": 1649676176,
        "narHash": "sha256-OWKJratjt2RW151VUlJPRALb7OU2S5s+f0vLj4o1bHM=",
        "owner": "numtide",
        "repo": "flake-utils",
        "rev": "a4b154ebbdc88c8498a5c7b01589addc9e9cb678",
        "type": "github"
      },
      "original": {
        "owner": "numtide",
        "repo": "flake-utils",
        "type": "github"
      }
    }
  },
  "root": "root",
  "version": 7
}
